<?xml version="1.0" encoding="utf-8"?>
<Project ToolsVersion="4.0" xmlns="http://schemas.microsoft.com/developer/msbuild/2003">
  <ItemGroup>
    <Filter Include="Archivos de código fuente">
      <UniqueIdentifier>{4FC737F1-C7A5-4376-A066-2A32D752A2FF}</UniqueIdentifier>
      <Extensions>cpp;c;cc;cxx;def;odl;idl;hpj;bat;asm;asmx</Extensions>
    </Filter>
    <Filter Include="Archivos de encabezado">
      <UniqueIdentifier>{93995380-89BD-4b04-88EB-625FBE52EBFB}</UniqueIdentifier>
      <Extensions>h;hpp;hxx;hm;inl;inc;xsd</Extensions>
    </Filter>
    <Filter Include="Archivos de recursos">
      <UniqueIdentifier>{67DA6AB6-F800-4c08-8B7A-83BB121AAD01}</UniqueIdentifier>
      <Extensions>rc;ico;cur;bmp;dlg;rc2;rct;bin;rgs;gif;jpg;jpeg;jpe;resx;tiff;tif;png;wav;mfcribbon-ms</Extensions>
    </Filter>
    <Filter Include="Archivos de código fuente\Library">
      <UniqueIdentifier>{8e842b98-a4a0-4af2-83ab-1d19775dab3f}</UniqueIdentifier>
    </Filter>
    <Filter Include="Archivos de encabezado\Library">
      <UniqueIdentifier>{2c03b191-a18a-47ed-8446-a88df9cda7bd}</UniqueIdentifier>
    </Filter>
    <Filter Include="Archivos de código fuente\TinyXML">
      <UniqueIdentifier>{980db028-4e69-47b8-b3cb-32516a2c2c54}</UniqueIdentifier>
    </Filter>
  </ItemGroup>
  <ItemGroup>
    <ClCompile Include="src\debugfuncs.cpp">
      <Filter>Archivos de código fuente\Library</Filter>
    </ClCompile>
    <ClCompile Include="src\FSActor.cpp">
      <Filter>Archivos de código fuente\Library</Filter>
    </ClCompile>
    <ClCompile Include="src\FSCamera.cpp">
      <Filter>Archivos de código fuente\Library</Filter>
    </ClCompile>
    <ClCompile Include="src\FSColor.cpp">
      <Filter>Archivos de código fuente\Library</Filter>
    </ClCompile>
    <ClCompile Include="src\FSImages.cpp">
      <Filter>Archivos de código fuente\Library</Filter>
    </ClCompile>
    <ClCompile Include="src\FSMultiverse.cpp">
      <Filter>Archivos de código fuente\Library</Filter>
    </ClCompile>
    <ClCompile Include="src\FSWriter.cpp">
      <Filter>Archivos de código fuente\Library</Filter>
    </ClCompile>
    <ClCompile Include="src\FSCoordinate.cpp">
      <Filter>Archivos de código fuente\Library</Filter>
    </ClCompile>
    <ClCompile Include="src\FSEngine.cpp">
      <Filter>Archivos de código fuente\Library</Filter>
    </ClCompile>
    <ClCompile Include="src\FSImage.cpp">
      <Filter>Archivos de código fuente\Library</Filter>
    </ClCompile>
    <ClCompile Include="src\FSLibrary.cpp">
      <Filter>Archivos de código fuente\Library</Filter>
    </ClCompile>
    <ClCompile Include="src\FSMessageHandler.cpp">
      <Filter>Archivos de código fuente\Library</Filter>
    </ClCompile>
    <ClCompile Include="src\FSPoint.cpp">
      <Filter>Archivos de código fuente\Library</Filter>
    </ClCompile>
    <ClCompile Include="src\FSRectangle.cpp">
      <Filter>Archivos de código fuente\Library</Filter>
    </ClCompile>
    <ClCompile Include="src\FSScreen.cpp">
      <Filter>Archivos de código fuente\Library</Filter>
    </ClCompile>
    <ClCompile Include="src\FSSprite.cpp">
      <Filter>Archivos de código fuente\Library</Filter>
    </ClCompile>
    <ClCompile Include="src\FSSpriteSet.cpp">
      <Filter>Archivos de código fuente\Library</Filter>
    </ClCompile>
    <ClCompile Include="src\FSTextBox.cpp">
      <Filter>Archivos de código fuente\Library</Filter>
    </ClCompile>
    <ClCompile Include="src\FSTime.cpp">
      <Filter>Archivos de código fuente\Library</Filter>
    </ClCompile>
    <ClCompile Include="src\FSUniverse.cpp">
      <Filter>Archivos de código fuente\Library</Filter>
    </ClCompile>
    <ClCompile Include="src\tinyxml\tinystr.cpp">
      <Filter>Archivos de código fuente\TinyXML</Filter>
    </ClCompile>
    <ClCompile Include="src\tinyxml\tinyxmlparser.cpp">
      <Filter>Archivos de código fuente\TinyXML</Filter>
    </ClCompile>
    <ClCompile Include="src\tinyxml\tinyxml.cpp">
      <Filter>Archivos de código fuente\TinyXML</Filter>
    </ClCompile>
    <ClCompile Include="src\tinyxml\tinyxmlerror.cpp">
      <Filter>Archivos de código fuente\TinyXML</Filter>
    </ClCompile>
  </ItemGroup>
  <ItemGroup>
    <ClInclude Include="include\debugfuncs.h">
      <Filter>Archivos de encabezado\Library</Filter>
    </ClInclude>
    <ClInclude Include="include\FSActor.h">
      <Filter>Archivos de encabezado\Library</Filter>
    </ClInclude>
    <ClInclude Include="include\FSCamera.h">
      <Filter>Archivos de encabezado\Library</Filter>
    </ClInclude>
    <ClInclude Include="include\FSColor.h">
      <Filter>Archivos de encabezado\Library</Filter>
    </ClInclude>
    <ClInclude Include="include\FSImages.h">
      <Filter>Archivos de encabezado\Library</Filter>
    </ClInclude>
    <ClInclude Include="include\FSMultiverse.h">
      <Filter>Archivos de encabezado\Library</Filter>
    </ClInclude>
    <ClInclude Include="include\FSWriter.h">
      <Filter>Archivos de encabezado\Library</Filter>
    </ClInclude>
    <ClInclude Include="include\FSCoordinate.h">
      <Filter>Archivos de encabezado\Library</Filter>
    </ClInclude>
    <ClInclude Include="include\FSdefinitions.h">
      <Filter>Archivos de encabezado\Library</Filter>
    </ClInclude>
    <ClInclude Include="include\FSEngine.h">
      <Filter>Archivos de encabezado\Library</Filter>
    </ClInclude>
    <ClInclude Include="include\FSCanvas.h">
      <Filter>Archivos de encabezado\Library</Filter>
    </ClInclude>
    <ClInclude Include="include\FSLibrary.h">
      <Filter>Archivos de encabezado\Library</Filter>
    </ClInclude>
    <ClInclude Include="include\FSMessageHandler.h">
      <Filter>Archivos de encabezado\Library</Filter>
    </ClInclude>
    <ClInclude Include="include\FSparserXML.h">
      <Filter>Archivos de encabezado\Library</Filter>
    </ClInclude>
    <ClInclude Include="include\FSPoint.h">
      <Filter>Archivos de encabezado\Library</Filter>
    </ClInclude>
    <ClInclude Include="include\FSRectangle.h">
      <Filter>Archivos de encabezado\Library</Filter>
    </ClInclude>
    <ClInclude Include="include\FSScreen.h">
      <Filter>Archivos de encabezado\Library</Filter>
    </ClInclude>
    <ClInclude Include="include\FSSprite.h">
      <Filter>Archivos de encabezado\Library</Filter>
    </ClInclude>
    <ClInclude Include="include\FSSpriteSet.h">
      <Filter>Archivos de encabezado\Library</Filter>
    </ClInclude>
    <ClInclude Include="include\FSTextBox.h">
      <Filter>Archivos de encabezado\Library</Filter>
    </ClInclude>
    <ClInclude Include="include\FSTime.h">
      <Filter>Archivos de encabezado\Library</Filter>
    </ClInclude>
    <ClInclude Include="include\FSUniverse.h">
      <Filter>Archivos de encabezado\Library</Filter>
    </ClInclude>
    <ClInclude Include="include\tinyxml\tinystr.h">
      <Filter>Archivos de encabezado</Filter>
    </ClInclude>
    <ClInclude Include="include\tinyxml\tinyxml.h">
      <Filter>Archivos de encabezado</Filter>
    </ClInclude>
  </ItemGroup>
</Project>